Microsoft Visual Studio Solution File, Format Version 12.00
# Visual Studio Version 17
VisualStudioVersion = 17.5.2.0
MinimumVisualStudioVersion = 10.0.40219.1
Project("{FAE04EC0-301F-11D3-BF4B-00C04F79EFBC}") = "PriceQuotation", "PriceQuotation.csproj", "{52AC11BA-62F1-BA5B-A725-3A0FE3F202DF}"
EndProject
Global
	GlobalSection(SolutionConfigurationPlatforms) = preSolution
		Debug|Any CPU = Debug|Any CPU
		Release|Any CPU = Release|Any CPU
	EndGlobalSection
	GlobalSection(ProjectConfigurationPlatforms) = postSolution
		{52AC11BA-62F1-BA5B-A725-3A0FE3F202DF}.Debug|Any CPU.ActiveCfg = Debug|Any CPU
		{52AC11BA-62F1-BA5B-A725-3A0FE3F202DF}.Debug|Any CPU.Build.0 = Debug|Any CPU
		{52AC11BA-62F1-BA5B-A725-3A0FE3F202DF}.Release|Any CPU.ActiveCfg = Release|Any CPU
		{52AC11BA-62F1-BA5B-A725-3A0FE3F202DF}.Release|Any CPU.Build.0 = Release|Any CPU
	EndGlobalSection
	GlobalSection(SolutionProperties) = preSolution
		HideSolutionNode = FALSE
	EndGlobalSection
	GlobalSection(ExtensibilityGlobals) = postSolution
		SolutionGuid = {21DE9BA9-76E5-42A2-9B45-9D60A18B9154}
	EndGlobalSection
EndGlobal
